
Microsoft Visual Studio Solution File, Format Version 12.00
# Visual Studio Version 16
VisualStudioVersion = 16.0.30011.22
MinimumVisualStudioVersion = 10.0.40219.1
Project("{2150E333-8FDC-42A3-9474-1A3956D46DE8}") = "Solution items", "Solution items", "{71CDA1E6-DC4E-495C-8DC6-EF8F753C9C02}"
	ProjectSection(SolutionItems) = preProject
		.gitignore = .gitignore
		azurepipelines-coverage.yml = azurepipelines-coverage.yml
		build-pipeline-lib-ci.yml = build-pipeline-lib-ci.yml
		build-pipeline-lib-pr.yml = build-pipeline-lib-pr.yml
		nuget.config = nuget.config
		README.md = README.md
	EndProjectSection
EndProject
Project("{2150E333-8FDC-42A3-9474-1A3956D46DE8}") = "src", "src", "{7BB40C2A-B359-4901-8981-9F56DC9325D4}"
EndProject
Project("{9A19103F-16F7-4668-BE54-9A1E7A4F7556}") = "Authorize.Domain", "src\Authorize.Domain\Authorize.Domain.csproj", "{49179963-708B-48F1-A67F-A9C03AF54161}"
EndProject
Project("{9A19103F-16F7-4668-BE54-9A1E7A4F7556}") = "Authorize.Application", "src\Authorize.Application\Authorize.Application.csproj", "{8568A6A7-7C6D-4F65-B2A0-6C3C703FC2A5}"
EndProject
Project("{2150E333-8FDC-42A3-9474-1A3956D46DE8}") = "tests", "tests", "{E7EDAB17-D446-4EFB-A1A2-26CF942BF3FE}"
EndProject
Project("{9A19103F-16F7-4668-BE54-9A1E7A4F7556}") = "Authorize.Application.UT", "tests\Authorize.Application.UT\Authorize.Application.UT.csproj", "{CB126C2C-ADB6-4777-8FF1-8E4337579503}"
EndProject
Project("{9A19103F-16F7-4668-BE54-9A1E7A4F7556}") = "Authorize.Infrastructure.Persistence.EF", "src\Authorize.Infrastructure.Persistence.EF\Authorize.Infrastructure.Persistence.EF.csproj", "{F13447F5-005F-4E91-8FC3-011C2B3D1AEA}"
EndProject
Project("{2150E333-8FDC-42A3-9474-1A3956D46DE8}") = "2 -Backend", "2 -Backend", "{A8C64634-6C5C-479F-A447-6EB5D0139DC3}"
EndProject
Project("{2150E333-8FDC-42A3-9474-1A3956D46DE8}") = "1 -Frontend", "1 -Frontend", "{C6E4F2E4-10A7-4C54-8926-77A95915E04F}"
EndProject
Project("{9A19103F-16F7-4668-BE54-9A1E7A4F7556}") = "Authorize.Front", "src\Authorize.Front\Authorize.Front.csproj", "{7C40FE80-9812-4356-98BF-602BC9BEF57F}"
EndProject
Project("{9A19103F-16F7-4668-BE54-9A1E7A4F7556}") = "Authorize.API.REST", "src\Authorize.API.REST\Authorize.API.REST.csproj", "{4A5098AE-639F-4622-AFF3-7ED30CE544FC}"
EndProject
Project("{9A19103F-16F7-4668-BE54-9A1E7A4F7556}") = "Authorize.Identity.WebAPI", "src\Authorize.Identity.WebAPI\Authorize.Identity.WebAPI.csproj", "{E6305A48-E64A-4272-8098-62F4CB6DD013}"
EndProject
Project("{2150E333-8FDC-42A3-9474-1A3956D46DE8}") = "Authorize", "Authorize", "{0B6FE231-30A7-4749-976E-5B3FFB702ADD}"
EndProject
Project("{2150E333-8FDC-42A3-9474-1A3956D46DE8}") = "Identity", "Identity", "{79FE24CF-1913-40F1-A195-DA6031AE71F3}"
EndProject
Project("{FAE04EC0-301F-11D3-BF4B-00C04F79EFBC}") = "Identity.Application", "src\Identity.Application\Identity.Application.csproj", "{1088F3E7-ED81-4FDD-B6CE-FCD58221A4D7}"
EndProject
Global
	GlobalSection(SolutionConfigurationPlatforms) = preSolution
		Debug|Any CPU = Debug|Any CPU
		Release|Any CPU = Release|Any CPU
	EndGlobalSection
	GlobalSection(ProjectConfigurationPlatforms) = postSolution
		{49179963-708B-48F1-A67F-A9C03AF54161}.Debug|Any CPU.ActiveCfg = Debug|Any CPU
		{49179963-708B-48F1-A67F-A9C03AF54161}.Debug|Any CPU.Build.0 = Debug|Any CPU
		{49179963-708B-48F1-A67F-A9C03AF54161}.Release|Any CPU.ActiveCfg = Release|Any CPU
		{49179963-708B-48F1-A67F-A9C03AF54161}.Release|Any CPU.Build.0 = Release|Any CPU
		{8568A6A7-7C6D-4F65-B2A0-6C3C703FC2A5}.Debug|Any CPU.ActiveCfg = Debug|Any CPU
		{8568A6A7-7C6D-4F65-B2A0-6C3C703FC2A5}.Debug|Any CPU.Build.0 = Debug|Any CPU
		{8568A6A7-7C6D-4F65-B2A0-6C3C703FC2A5}.Release|Any CPU.ActiveCfg = Release|Any CPU
		{8568A6A7-7C6D-4F65-B2A0-6C3C703FC2A5}.Release|Any CPU.Build.0 = Release|Any CPU
		{CB126C2C-ADB6-4777-8FF1-8E4337579503}.Debug|Any CPU.ActiveCfg = Debug|Any CPU
		{CB126C2C-ADB6-4777-8FF1-8E4337579503}.Debug|Any CPU.Build.0 = Debug|Any CPU
		{CB126C2C-ADB6-4777-8FF1-8E4337579503}.Release|Any CPU.ActiveCfg = Release|Any CPU
		{CB126C2C-ADB6-4777-8FF1-8E4337579503}.Release|Any CPU.Build.0 = Release|Any CPU
		{F13447F5-005F-4E91-8FC3-011C2B3D1AEA}.Debug|Any CPU.ActiveCfg = Debug|Any CPU
		{F13447F5-005F-4E91-8FC3-011C2B3D1AEA}.Debug|Any CPU.Build.0 = Debug|Any CPU
		{F13447F5-005F-4E91-8FC3-011C2B3D1AEA}.Release|Any CPU.ActiveCfg = Release|Any CPU
		{F13447F5-005F-4E91-8FC3-011C2B3D1AEA}.Release|Any CPU.Build.0 = Release|Any CPU
		{7C40FE80-9812-4356-98BF-602BC9BEF57F}.Debug|Any CPU.ActiveCfg = Debug|Any CPU
		{7C40FE80-9812-4356-98BF-602BC9BEF57F}.Debug|Any CPU.Build.0 = Debug|Any CPU
		{7C40FE80-9812-4356-98BF-602BC9BEF57F}.Release|Any CPU.ActiveCfg = Release|Any CPU
		{7C40FE80-9812-4356-98BF-602BC9BEF57F}.Release|Any CPU.Build.0 = Release|Any CPU
		{4A5098AE-639F-4622-AFF3-7ED30CE544FC}.Debug|Any CPU.ActiveCfg = Debug|Any CPU
		{4A5098AE-639F-4622-AFF3-7ED30CE544FC}.Debug|Any CPU.Build.0 = Debug|Any CPU
		{4A5098AE-639F-4622-AFF3-7ED30CE544FC}.Release|Any CPU.ActiveCfg = Release|Any CPU
		{4A5098AE-639F-4622-AFF3-7ED30CE544FC}.Release|Any CPU.Build.0 = Release|Any CPU
		{E6305A48-E64A-4272-8098-62F4CB6DD013}.Debug|Any CPU.ActiveCfg = Debug|Any CPU
		{E6305A48-E64A-4272-8098-62F4CB6DD013}.Debug|Any CPU.Build.0 = Debug|Any CPU
		{E6305A48-E64A-4272-8098-62F4CB6DD013}.Release|Any CPU.ActiveCfg = Release|Any CPU
		{E6305A48-E64A-4272-8098-62F4CB6DD013}.Release|Any CPU.Build.0 = Release|Any CPU
		{1088F3E7-ED81-4FDD-B6CE-FCD58221A4D7}.Debug|Any CPU.ActiveCfg = Debug|Any CPU
		{1088F3E7-ED81-4FDD-B6CE-FCD58221A4D7}.Debug|Any CPU.Build.0 = Debug|Any CPU
		{1088F3E7-ED81-4FDD-B6CE-FCD58221A4D7}.Release|Any CPU.ActiveCfg = Release|Any CPU
		{1088F3E7-ED81-4FDD-B6CE-FCD58221A4D7}.Release|Any CPU.Build.0 = Release|Any CPU
	EndGlobalSection
	GlobalSection(SolutionProperties) = preSolution
		HideSolutionNode = FALSE
	EndGlobalSection
	GlobalSection(NestedProjects) = preSolution
		{49179963-708B-48F1-A67F-A9C03AF54161} = {0B6FE231-30A7-4749-976E-5B3FFB702ADD}
		{8568A6A7-7C6D-4F65-B2A0-6C3C703FC2A5} = {0B6FE231-30A7-4749-976E-5B3FFB702ADD}
		{CB126C2C-ADB6-4777-8FF1-8E4337579503} = {E7EDAB17-D446-4EFB-A1A2-26CF942BF3FE}
		{F13447F5-005F-4E91-8FC3-011C2B3D1AEA} = {0B6FE231-30A7-4749-976E-5B3FFB702ADD}
		{A8C64634-6C5C-479F-A447-6EB5D0139DC3} = {7BB40C2A-B359-4901-8981-9F56DC9325D4}
		{C6E4F2E4-10A7-4C54-8926-77A95915E04F} = {7BB40C2A-B359-4901-8981-9F56DC9325D4}
		{7C40FE80-9812-4356-98BF-602BC9BEF57F} = {C6E4F2E4-10A7-4C54-8926-77A95915E04F}
		{4A5098AE-639F-4622-AFF3-7ED30CE544FC} = {C6E4F2E4-10A7-4C54-8926-77A95915E04F}
		{E6305A48-E64A-4272-8098-62F4CB6DD013} = {C6E4F2E4-10A7-4C54-8926-77A95915E04F}
		{0B6FE231-30A7-4749-976E-5B3FFB702ADD} = {A8C64634-6C5C-479F-A447-6EB5D0139DC3}
		{79FE24CF-1913-40F1-A195-DA6031AE71F3} = {A8C64634-6C5C-479F-A447-6EB5D0139DC3}
		{1088F3E7-ED81-4FDD-B6CE-FCD58221A4D7} = {79FE24CF-1913-40F1-A195-DA6031AE71F3}
	EndGlobalSection
	GlobalSection(ExtensibilityGlobals) = postSolution
		SolutionGuid = {611EF86C-619C-42D2-A508-EF8BDCEC0441}
	EndGlobalSection
EndGlobal
